
Microsoft Visual Studio Solution File, Format Version 12.00
# Visual Studio Version 16
VisualStudioVersion = 16.0.28711.60
MinimumVisualStudioVersion = 10.0.40219.1
Project("{FAE04EC0-301F-11D3-BF4B-00C04F79EFBC}") = "socialPicView", "socialPicView\socialPicView.csproj", "{0EDCCE0E-90FB-4CF5-AEE4-99DB85FE6F5B}"
EndProject
Global
	GlobalSection(SolutionConfigurationPlatforms) = preSolution
		Debug|Any CPU = Debug|Any CPU
		Release|Any CPU = Release|Any CPU
	EndGlobalSection
	GlobalSection(ProjectConfigurationPlatforms) = postSolution
		{0EDCCE0E-90FB-4CF5-AEE4-99DB85FE6F5B}.Debug|Any CPU.ActiveCfg = Debug|Any CPU
		{0EDCCE0E-90FB-4CF5-AEE4-99DB85FE6F5B}.Debug|Any CPU.Build.0 = Debug|Any CPU
		{0EDCCE0E-90FB-4CF5-AEE4-99DB85FE6F5B}.Release|Any CPU.ActiveCfg = Release|Any CPU
		{0EDCCE0E-90FB-4CF5-AEE4-99DB85FE6F5B}.Release|Any CPU.Build.0 = Release|Any CPU
	EndGlobalSection
	GlobalSection(SolutionProperties) = preSolution
		HideSolutionNode = FALSE
	EndGlobalSection
	GlobalSection(ExtensibilityGlobals) = postSolution
		SolutionGuid = {4710A915-0D95-4E01-8FA7-2A213A3AA5B9}
	EndGlobalSection
EndGlobal
